
Microsoft Visual Studio Solution File, Format Version 12.00
# Visual Studio Version 16
VisualStudioVersion = 16.0.29509.3
MinimumVisualStudioVersion = 10.0.40219.1
Project("{9A19103F-16F7-4668-BE54-9A1E7A4F7556}") = "Clarizen.POCO", "Clarizen.POCO\Clarizen.POCO.csproj", "{CFEB734E-9CC7-405A-AD72-6865B5489063}"
EndProject
Project("{FAE04EC0-301F-11D3-BF4B-00C04F79EFBC}") = "Clarizen", "Clarizen\Clarizen.csproj", "{60975DCF-7039-4938-960A-8CBB30E2EE59}"
EndProject
Project("{9A19103F-16F7-4668-BE54-9A1E7A4F7556}") = "Clarizen.Standard", "Clarizen.Standard\Clarizen.Standard.csproj", "{CD545A11-DD7C-42C4-8F46-77FF564A8BFD}"
EndProject
Project("{FAE04EC0-301F-11D3-BF4B-00C04F79EFBC}") = "Clarizen.Tests", "Clarizen.Tests\Clarizen.Tests.csproj", "{5CFA902A-F8F8-43B4-8CAC-1A4D3498AFB5}"
EndProject
Global
	GlobalSection(SolutionConfigurationPlatforms) = preSolution
		Debug|Any CPU = Debug|Any CPU
		Release|Any CPU = Release|Any CPU
	EndGlobalSection
	GlobalSection(ProjectConfigurationPlatforms) = postSolution
		{CFEB734E-9CC7-405A-AD72-6865B5489063}.Debug|Any CPU.ActiveCfg = Debug|Any CPU
		{CFEB734E-9CC7-405A-AD72-6865B5489063}.Debug|Any CPU.Build.0 = Debug|Any CPU
		{CFEB734E-9CC7-405A-AD72-6865B5489063}.Release|Any CPU.ActiveCfg = Release|Any CPU
		{CFEB734E-9CC7-405A-AD72-6865B5489063}.Release|Any CPU.Build.0 = Release|Any CPU
		{60975DCF-7039-4938-960A-8CBB30E2EE59}.Debug|Any CPU.ActiveCfg = Debug|Any CPU
		{60975DCF-7039-4938-960A-8CBB30E2EE59}.Debug|Any CPU.Build.0 = Debug|Any CPU
		{60975DCF-7039-4938-960A-8CBB30E2EE59}.Release|Any CPU.ActiveCfg = Release|Any CPU
		{60975DCF-7039-4938-960A-8CBB30E2EE59}.Release|Any CPU.Build.0 = Release|Any CPU
		{CD545A11-DD7C-42C4-8F46-77FF564A8BFD}.Debug|Any CPU.ActiveCfg = Debug|Any CPU
		{CD545A11-DD7C-42C4-8F46-77FF564A8BFD}.Debug|Any CPU.Build.0 = Debug|Any CPU
		{CD545A11-DD7C-42C4-8F46-77FF564A8BFD}.Release|Any CPU.ActiveCfg = Release|Any CPU
		{CD545A11-DD7C-42C4-8F46-77FF564A8BFD}.Release|Any CPU.Build.0 = Release|Any CPU
		{5CFA902A-F8F8-43B4-8CAC-1A4D3498AFB5}.Debug|Any CPU.ActiveCfg = Debug|Any CPU
		{5CFA902A-F8F8-43B4-8CAC-1A4D3498AFB5}.Debug|Any CPU.Build.0 = Debug|Any CPU
		{5CFA902A-F8F8-43B4-8CAC-1A4D3498AFB5}.Release|Any CPU.ActiveCfg = Release|Any CPU
		{5CFA902A-F8F8-43B4-8CAC-1A4D3498AFB5}.Release|Any CPU.Build.0 = Release|Any CPU
	EndGlobalSection
	GlobalSection(SolutionProperties) = preSolution
		HideSolutionNode = FALSE
	EndGlobalSection
	GlobalSection(ExtensibilityGlobals) = postSolution
		SolutionGuid = {E76A2728-361B-4C78-BE26-F434F27B88EE}
	EndGlobalSection
EndGlobal
