
Microsoft Visual Studio Solution File, Format Version 12.00
# Visual Studio Version 16
VisualStudioVersion = 16.0.29509.3
MinimumVisualStudioVersion = 10.0.40219.1
Project("{9A19103F-16F7-4668-BE54-9A1E7A4F7556}") = "Ekin.Clarizen.Tests", "Clarizen.Tests\Ekin.Clarizen.Tests.csproj", "{650DA28A-3C0D-4542-A51C-DC39531F3682}"
EndProject
Project("{FAE04EC0-301F-11D3-BF4B-00C04F79EFBC}") = "Ekin.Clarizen", "Ekin.Clarizen\Ekin.Clarizen.csproj", "{D801CFFD-645B-4F47-B9F0-D39F5A37A153}"
EndProject
Project("{FAE04EC0-301F-11D3-BF4B-00C04F79EFBC}") = "Ekin.Clarizen.POCO", "Ekin.Clarizen.POCO\Ekin.Clarizen.POCO.csproj", "{2954554E-01E2-40FA-8FBC-5845919950A5}"
EndProject
Global
	GlobalSection(SolutionConfigurationPlatforms) = preSolution
		Debug|Any CPU = Debug|Any CPU
		Release|Any CPU = Release|Any CPU
	EndGlobalSection
	GlobalSection(ProjectConfigurationPlatforms) = postSolution
		{650DA28A-3C0D-4542-A51C-DC39531F3682}.Debug|Any CPU.ActiveCfg = Debug|Any CPU
		{650DA28A-3C0D-4542-A51C-DC39531F3682}.Debug|Any CPU.Build.0 = Debug|Any CPU
		{650DA28A-3C0D-4542-A51C-DC39531F3682}.Release|Any CPU.ActiveCfg = Release|Any CPU
		{650DA28A-3C0D-4542-A51C-DC39531F3682}.Release|Any CPU.Build.0 = Release|Any CPU
		{D801CFFD-645B-4F47-B9F0-D39F5A37A153}.Debug|Any CPU.ActiveCfg = Debug|Any CPU
		{D801CFFD-645B-4F47-B9F0-D39F5A37A153}.Debug|Any CPU.Build.0 = Debug|Any CPU
		{D801CFFD-645B-4F47-B9F0-D39F5A37A153}.Release|Any CPU.ActiveCfg = Release|Any CPU
		{D801CFFD-645B-4F47-B9F0-D39F5A37A153}.Release|Any CPU.Build.0 = Release|Any CPU
		{2954554E-01E2-40FA-8FBC-5845919950A5}.Debug|Any CPU.ActiveCfg = Debug|Any CPU
		{2954554E-01E2-40FA-8FBC-5845919950A5}.Debug|Any CPU.Build.0 = Debug|Any CPU
		{2954554E-01E2-40FA-8FBC-5845919950A5}.Release|Any CPU.ActiveCfg = Release|Any CPU
		{2954554E-01E2-40FA-8FBC-5845919950A5}.Release|Any CPU.Build.0 = Release|Any CPU
	EndGlobalSection
	GlobalSection(SolutionProperties) = preSolution
		HideSolutionNode = FALSE
	EndGlobalSection
	GlobalSection(ExtensibilityGlobals) = postSolution
		SolutionGuid = {E76A2728-361B-4C78-BE26-F434F27B88EE}
	EndGlobalSection
EndGlobal
