
Microsoft Visual Studio Solution File, Format Version 12.00
# Visual Studio 15
VisualStudioVersion = 15.0.28307.168
MinimumVisualStudioVersion = 10.0.40219.1
Project("{FAE04EC0-301F-11D3-BF4B-00C04F79EFBC}") = "Ekin.Clarizen", "Ekin.Clarizen\Ekin.Clarizen.csproj", "{D801CFFD-645B-4F47-B9F0-D39F5A37A153}"
EndProject
Project("{9A19103F-16F7-4668-BE54-9A1E7A4F7556}") = "Ekin.Clarizen.Core", "Ekin.Clarizen.Core\Ekin.Clarizen.Core.csproj", "{5B87E67B-3FA5-4376-BF9F-BF576E8E9BDD}"
EndProject
Global
	GlobalSection(SolutionConfigurationPlatforms) = preSolution
		Debug|Any CPU = Debug|Any CPU
		Release|Any CPU = Release|Any CPU
	EndGlobalSection
	GlobalSection(ProjectConfigurationPlatforms) = postSolution
		{D801CFFD-645B-4F47-B9F0-D39F5A37A153}.Debug|Any CPU.ActiveCfg = Debug|Any CPU
		{D801CFFD-645B-4F47-B9F0-D39F5A37A153}.Debug|Any CPU.Build.0 = Debug|Any CPU
		{D801CFFD-645B-4F47-B9F0-D39F5A37A153}.Release|Any CPU.ActiveCfg = Release|Any CPU
		{D801CFFD-645B-4F47-B9F0-D39F5A37A153}.Release|Any CPU.Build.0 = Release|Any CPU
		{5B87E67B-3FA5-4376-BF9F-BF576E8E9BDD}.Debug|Any CPU.ActiveCfg = Debug|Any CPU
		{5B87E67B-3FA5-4376-BF9F-BF576E8E9BDD}.Debug|Any CPU.Build.0 = Debug|Any CPU
		{5B87E67B-3FA5-4376-BF9F-BF576E8E9BDD}.Release|Any CPU.ActiveCfg = Release|Any CPU
		{5B87E67B-3FA5-4376-BF9F-BF576E8E9BDD}.Release|Any CPU.Build.0 = Release|Any CPU
	EndGlobalSection
	GlobalSection(SolutionProperties) = preSolution
		HideSolutionNode = FALSE
	EndGlobalSection
	GlobalSection(ExtensibilityGlobals) = postSolution
		SolutionGuid = {FA97CE75-4799-4390-BF67-5ABFF90F618C}
	EndGlobalSection
EndGlobal
