
Microsoft Visual Studio Solution File, Format Version 12.00
# Visual Studio 15
VisualStudioVersion = 15.0.28307.705
MinimumVisualStudioVersion = 10.0.40219.1
Project("{FAE04EC0-301F-11D3-BF4B-00C04F79EFBC}") = "Ekin.Clarizen.POCO", "Ekin.Clarizen.POCO\Ekin.Clarizen.POCO.csproj", "{6457D0DC-E697-4D32-A97B-E49816A02328}"
EndProject
Global
	GlobalSection(SolutionConfigurationPlatforms) = preSolution
		Debug|Any CPU = Debug|Any CPU
		Release|Any CPU = Release|Any CPU
	EndGlobalSection
	GlobalSection(ProjectConfigurationPlatforms) = postSolution
		{6457D0DC-E697-4D32-A97B-E49816A02328}.Debug|Any CPU.ActiveCfg = Debug|Any CPU
		{6457D0DC-E697-4D32-A97B-E49816A02328}.Debug|Any CPU.Build.0 = Debug|Any CPU
		{6457D0DC-E697-4D32-A97B-E49816A02328}.Release|Any CPU.ActiveCfg = Release|Any CPU
		{6457D0DC-E697-4D32-A97B-E49816A02328}.Release|Any CPU.Build.0 = Release|Any CPU
	EndGlobalSection
	GlobalSection(SolutionProperties) = preSolution
		HideSolutionNode = FALSE
	EndGlobalSection
	GlobalSection(ExtensibilityGlobals) = postSolution
		SolutionGuid = {8954EB12-B55F-4AEF-9FE2-9B32B603F19D}
	EndGlobalSection
EndGlobal
