
Microsoft Visual Studio Solution File, Format Version 12.00
# Visual Studio Version 16
VisualStudioVersion = 16.0.29509.3
MinimumVisualStudioVersion = 10.0.40219.1
Project("{FAE04EC0-301F-11D3-BF4B-00C04F79EFBC}") = "Ekin.Clarizen", "Ekin.Clarizen\Ekin.Clarizen.csproj", "{D801CFFD-645B-4F47-B9F0-D39F5A37A153}"
EndProject
Project("{9A19103F-16F7-4668-BE54-9A1E7A4F7556}") = "Ekin.Clarizen.Tests", "Ekin.Clarizen.Tests\Ekin.Clarizen.Tests.csproj", "{B333937C-1427-45A3-8EF5-46BE7E2A62B6}"
EndProject
Project("{9A19103F-16F7-4668-BE54-9A1E7A4F7556}") = "Ekin.Clarizen.POCO", "Ekin.Clarizen.POCO\Ekin.Clarizen.POCO.csproj", "{516F75D0-29EF-4FF1-9EC6-F1EA175AFCA9}"
EndProject
Global
	GlobalSection(SolutionConfigurationPlatforms) = preSolution
		Debug|Any CPU = Debug|Any CPU
		Release|Any CPU = Release|Any CPU
	EndGlobalSection
	GlobalSection(ProjectConfigurationPlatforms) = postSolution
		{D801CFFD-645B-4F47-B9F0-D39F5A37A153}.Debug|Any CPU.ActiveCfg = Debug|Any CPU
		{D801CFFD-645B-4F47-B9F0-D39F5A37A153}.Debug|Any CPU.Build.0 = Debug|Any CPU
		{D801CFFD-645B-4F47-B9F0-D39F5A37A153}.Release|Any CPU.ActiveCfg = Release|Any CPU
		{D801CFFD-645B-4F47-B9F0-D39F5A37A153}.Release|Any CPU.Build.0 = Release|Any CPU
		{B333937C-1427-45A3-8EF5-46BE7E2A62B6}.Debug|Any CPU.ActiveCfg = Debug|Any CPU
		{B333937C-1427-45A3-8EF5-46BE7E2A62B6}.Debug|Any CPU.Build.0 = Debug|Any CPU
		{B333937C-1427-45A3-8EF5-46BE7E2A62B6}.Release|Any CPU.ActiveCfg = Release|Any CPU
		{B333937C-1427-45A3-8EF5-46BE7E2A62B6}.Release|Any CPU.Build.0 = Release|Any CPU
		{516F75D0-29EF-4FF1-9EC6-F1EA175AFCA9}.Debug|Any CPU.ActiveCfg = Debug|Any CPU
		{516F75D0-29EF-4FF1-9EC6-F1EA175AFCA9}.Debug|Any CPU.Build.0 = Debug|Any CPU
		{516F75D0-29EF-4FF1-9EC6-F1EA175AFCA9}.Release|Any CPU.ActiveCfg = Release|Any CPU
		{516F75D0-29EF-4FF1-9EC6-F1EA175AFCA9}.Release|Any CPU.Build.0 = Release|Any CPU
	EndGlobalSection
	GlobalSection(SolutionProperties) = preSolution
		HideSolutionNode = FALSE
	EndGlobalSection
	GlobalSection(ExtensibilityGlobals) = postSolution
		SolutionGuid = {A2961361-F5EE-46BC-8FC9-032D55C9E86E}
	EndGlobalSection
EndGlobal
